{
  "pins" : [
    {
      "identity" : "adyen-3ds2-ios",
      "kind" : "remoteSourceControl",
      "location" : "https://github.com/Adyen/adyen-3ds2-ios",
      "state" : {
        "revision" : "ced2cb1c3ecf7c8a6332aba5de28be26f69cec79",
        "version" : "2.3.0"
      }
    },
    {
      "identity" : "adyen-ios",
      "kind" : "remoteSourceControl",
      "location" : "https://github.com/Adyen/adyen-ios",
      "state" : {
        "revision" : "0113c65f05af0d582fd79f10c8407d893c637fa4",
        "version" : "5.1.0"
      }
    },
    {
      "identity" : "adyen-networking-ios",
      "kind" : "remoteSourceControl",
      "location" : "https://github.com/Adyen/adyen-networking-ios",
      "state" : {
        "revision" : "9b10df842e774f5c99a2d76b1d950ec4d5d80898",
        "version" : "1.0.0"
      }
    },
    {
      "identity" : "adyen-pos-mobile-ios",
      "kind" : "remoteSourceControl",
      "location" : "https://github.com/Adyen/adyen-pos-mobile-ios",
      "state" : {
        "branch" : "main",
        "revision" : "a1fce9c39e5d55adf70a95170f217abaf20a942b"
      }
    },
    {
      "identity" : "adyen-terminal-api-ios",
      "kind" : "remoteSourceControl",
      "location" : "https://github.com/Adyen/adyen-terminal-api-ios",
      "state" : {
        "revision" : "f3fb9e4f7ff80077db093858db94e4f5ccfaa944",
        "version" : "1.3.0"
      }
    },
    {
      "identity" : "adyen-wechatpay-ios",
      "kind" : "remoteSourceControl",
      "location" : "https://github.com/Adyen/adyen-wechatpay-ios",
      "state" : {
        "revision" : "aee9b422f02d3ff75533a3338db45f2f9b9010b0",
        "version" : "2.1.0"
      }
    },
    {
      "identity" : "snapkit",
      "kind" : "remoteSourceControl",
      "location" : "https://github.com/SnapKit/SnapKit",
      "state" : {
        "revision" : "f222cbdf325885926566172f6f5f06af95473158",
        "version" : "5.6.0"
      }
    }
  ],
  "version" : 2
}
