// !$*UTF8*$!
{
	archiveVersion = 1;
	classes = {
	};
	objectVersion = 55;
	objects = {

/* Begin PBXBuildFile section */
		94814FD328CF2A6F005A1E94 /* AppService.swift in Sources */ = {isa = PBXBuildFile; fileRef = 94814FD228CF2A6F005A1E94 /* AppService.swift */; };
		94814FD528CF2ABD005A1E94 /* Logger.swift in Sources */ = {isa = PBXBuildFile; fileRef = 94814FD428CF2ABD005A1E94 /* Logger.swift */; };
		94814FD728CF2B8B005A1E94 /* SessionSetupRequest.swift in Sources */ = {isa = PBXBuildFile; fileRef = 94814FD628CF2B8B005A1E94 /* SessionSetupRequest.swift */; };
		94814FE628CF36FD005A1E94 /* Collection+Ext.swift in Sources */ = {isa = PBXBuildFile; fileRef = 94814FE528CF36FD005A1E94 /* Collection+Ext.swift */; };
		94814FE928CF408E005A1E94 /* TerminalAPIKit in Frameworks */ = {isa = PBXBuildFile; productRef = 94814FE828CF408E005A1E94 /* TerminalAPIKit */; };
		94814FEB28CF5A1F005A1E94 /* SaleRequestAdapter.swift in Sources */ = {isa = PBXBuildFile; fileRef = 94814FEA28CF5A1F005A1E94 /* SaleRequestAdapter.swift */; };
		94814FED28CF6E58005A1E94 /* AdyenPresenter.swift in Sources */ = {isa = PBXBuildFile; fileRef = 94814FEC28CF6E58005A1E94 /* AdyenPresenter.swift */; };
		94814FEF28CF7BC5005A1E94 /* Date+Ext.swift in Sources */ = {isa = PBXBuildFile; fileRef = 94814FEE28CF7BC5005A1E94 /* Date+Ext.swift */; };
		94814FF228CF8148005A1E94 /* Adyen in Frameworks */ = {isa = PBXBuildFile; productRef = 94814FF128CF8148005A1E94 /* Adyen */; };
		94814FF428CF8148005A1E94 /* AdyenActions in Frameworks */ = {isa = PBXBuildFile; productRef = 94814FF328CF8148005A1E94 /* AdyenActions */; };
		94814FF628CF8148005A1E94 /* AdyenCard in Frameworks */ = {isa = PBXBuildFile; productRef = 94814FF528CF8148005A1E94 /* AdyenCard */; };
		94814FF828CF8148005A1E94 /* AdyenComponents in Frameworks */ = {isa = PBXBuildFile; productRef = 94814FF728CF8148005A1E94 /* AdyenComponents */; };
		94814FFA28CF8148005A1E94 /* AdyenDropIn in Frameworks */ = {isa = PBXBuildFile; productRef = 94814FF928CF8148005A1E94 /* AdyenDropIn */; };
		94814FFC28CF8148005A1E94 /* AdyenEncryption in Frameworks */ = {isa = PBXBuildFile; productRef = 94814FFB28CF8148005A1E94 /* AdyenEncryption */; };
		94D5858528CA0B6D00F01AE2 /* AppDelegate.swift in Sources */ = {isa = PBXBuildFile; fileRef = 94D5858428CA0B6D00F01AE2 /* AppDelegate.swift */; };
		94D5858728CA0B6D00F01AE2 /* SceneDelegate.swift in Sources */ = {isa = PBXBuildFile; fileRef = 94D5858628CA0B6D00F01AE2 /* SceneDelegate.swift */; };
		94D5858928CA0B6D00F01AE2 /* ViewController.swift in Sources */ = {isa = PBXBuildFile; fileRef = 94D5858828CA0B6D00F01AE2 /* ViewController.swift */; };
		94D5858C28CA0B6D00F01AE2 /* Main.storyboard in Resources */ = {isa = PBXBuildFile; fileRef = 94D5858A28CA0B6D00F01AE2 /* Main.storyboard */; };
		94D5858E28CA0B7100F01AE2 /* Assets.xcassets in Resources */ = {isa = PBXBuildFile; fileRef = 94D5858D28CA0B7100F01AE2 /* Assets.xcassets */; };
		94D5859128CA0B7100F01AE2 /* LaunchScreen.storyboard in Resources */ = {isa = PBXBuildFile; fileRef = 94D5858F28CA0B7100F01AE2 /* LaunchScreen.storyboard */; };
		94D585A628CA11F900F01AE2 /* AdyenReaderManager.swift in Sources */ = {isa = PBXBuildFile; fileRef = 94D585A528CA11F900F01AE2 /* AdyenReaderManager.swift */; };
/* End PBXBuildFile section */

/* Begin PBXFileReference section */
		94814FD228CF2A6F005A1E94 /* AppService.swift */ = {isa = PBXFileReference; fileEncoding = 4; lastKnownFileType = sourcecode.swift; path = AppService.swift; sourceTree = "<group>"; };
		94814FD428CF2ABD005A1E94 /* Logger.swift */ = {isa = PBXFileReference; fileEncoding = 4; lastKnownFileType = sourcecode.swift; path = Logger.swift; sourceTree = "<group>"; };
		94814FD628CF2B8B005A1E94 /* SessionSetupRequest.swift */ = {isa = PBXFileReference; lastKnownFileType = sourcecode.swift; path = SessionSetupRequest.swift; sourceTree = "<group>"; };
		94814FE528CF36FD005A1E94 /* Collection+Ext.swift */ = {isa = PBXFileReference; fileEncoding = 4; lastKnownFileType = sourcecode.swift; path = "Collection+Ext.swift"; sourceTree = "<group>"; };
		94814FEA28CF5A1F005A1E94 /* SaleRequestAdapter.swift */ = {isa = PBXFileReference; lastKnownFileType = sourcecode.swift; path = SaleRequestAdapter.swift; sourceTree = "<group>"; };
		94814FEC28CF6E58005A1E94 /* AdyenPresenter.swift */ = {isa = PBXFileReference; lastKnownFileType = sourcecode.swift; path = AdyenPresenter.swift; sourceTree = "<group>"; };
		94814FEE28CF7BC5005A1E94 /* Date+Ext.swift */ = {isa = PBXFileReference; fileEncoding = 4; lastKnownFileType = sourcecode.swift; path = "Date+Ext.swift"; sourceTree = "<group>"; };
		94D5858128CA0B6D00F01AE2 /* AdyenReaderTest.app */ = {isa = PBXFileReference; explicitFileType = wrapper.application; includeInIndex = 0; path = AdyenReaderTest.app; sourceTree = BUILT_PRODUCTS_DIR; };
		94D5858428CA0B6D00F01AE2 /* AppDelegate.swift */ = {isa = PBXFileReference; lastKnownFileType = sourcecode.swift; path = AppDelegate.swift; sourceTree = "<group>"; };
		94D5858628CA0B6D00F01AE2 /* SceneDelegate.swift */ = {isa = PBXFileReference; lastKnownFileType = sourcecode.swift; path = SceneDelegate.swift; sourceTree = "<group>"; };
		94D5858828CA0B6D00F01AE2 /* ViewController.swift */ = {isa = PBXFileReference; lastKnownFileType = sourcecode.swift; path = ViewController.swift; sourceTree = "<group>"; };
		94D5858B28CA0B6D00F01AE2 /* Base */ = {isa = PBXFileReference; lastKnownFileType = file.storyboard; name = Base; path = Base.lproj/Main.storyboard; sourceTree = "<group>"; };
		94D5858D28CA0B7100F01AE2 /* Assets.xcassets */ = {isa = PBXFileReference; lastKnownFileType = folder.assetcatalog; path = Assets.xcassets; sourceTree = "<group>"; };
		94D5859028CA0B7100F01AE2 /* Base */ = {isa = PBXFileReference; lastKnownFileType = file.storyboard; name = Base; path = Base.lproj/LaunchScreen.storyboard; sourceTree = "<group>"; };
		94D5859228CA0B7100F01AE2 /* Info.plist */ = {isa = PBXFileReference; lastKnownFileType = text.plist.xml; path = Info.plist; sourceTree = "<group>"; };
		94D585A528CA11F900F01AE2 /* AdyenReaderManager.swift */ = {isa = PBXFileReference; lastKnownFileType = sourcecode.swift; path = AdyenReaderManager.swift; sourceTree = "<group>"; };
/* End PBXFileReference section */

/* Begin PBXFrameworksBuildPhase section */
		94D5857E28CA0B6D00F01AE2 /* Frameworks */ = {
			isa = PBXFrameworksBuildPhase;
			buildActionMask = 2147483647;
			files = (
				94814FF628CF8148005A1E94 /* AdyenCard in Frameworks */,
				94814FF228CF8148005A1E94 /* Adyen in Frameworks */,
				94814FFC28CF8148005A1E94 /* AdyenEncryption in Frameworks */,
				94814FFA28CF8148005A1E94 /* AdyenDropIn in Frameworks */,
				94814FF828CF8148005A1E94 /* AdyenComponents in Frameworks */,
				94814FF428CF8148005A1E94 /* AdyenActions in Frameworks */,
				94814FE928CF408E005A1E94 /* TerminalAPIKit in Frameworks */,
			);
			runOnlyForDeploymentPostprocessing = 0;
		};
/* End PBXFrameworksBuildPhase section */

/* Begin PBXGroup section */
		94814FFD28D0BDB1005A1E94 /* Adyen */ = {
			isa = PBXGroup;
			children = (
				94D585A528CA11F900F01AE2 /* AdyenReaderManager.swift */,
				94814FD628CF2B8B005A1E94 /* SessionSetupRequest.swift */,
			);
			path = Adyen;
			sourceTree = "<group>";
		};
		94814FFE28D0BDC2005A1E94 /* Models */ = {
			isa = PBXGroup;
			children = (
				94814FEA28CF5A1F005A1E94 /* SaleRequestAdapter.swift */,
			);
			path = Models;
			sourceTree = "<group>";
		};
		94814FFF28D0BDD3005A1E94 /* Application */ = {
			isa = PBXGroup;
			children = (
				94D5858428CA0B6D00F01AE2 /* AppDelegate.swift */,
				94D5858628CA0B6D00F01AE2 /* SceneDelegate.swift */,
				94D5858A28CA0B6D00F01AE2 /* Main.storyboard */,
				94D5858D28CA0B7100F01AE2 /* Assets.xcassets */,
				94D5858F28CA0B7100F01AE2 /* LaunchScreen.storyboard */,
				94D5859228CA0B7100F01AE2 /* Info.plist */,
			);
			path = Application;
			sourceTree = "<group>";
		};
		9481500028D0BDE2005A1E94 /* Modules */ = {
			isa = PBXGroup;
			children = (
				94814FEC28CF6E58005A1E94 /* AdyenPresenter.swift */,
				94D5858828CA0B6D00F01AE2 /* ViewController.swift */,
			);
			path = Modules;
			sourceTree = "<group>";
		};
		9481500128D0BDF3005A1E94 /* Service */ = {
			isa = PBXGroup;
			children = (
				94814FFD28D0BDB1005A1E94 /* Adyen */,
				94814FD428CF2ABD005A1E94 /* Logger.swift */,
				94814FD228CF2A6F005A1E94 /* AppService.swift */,
			);
			path = Service;
			sourceTree = "<group>";
		};
		9481500228D0BDFF005A1E94 /* Helpers */ = {
			isa = PBXGroup;
			children = (
				94814FE528CF36FD005A1E94 /* Collection+Ext.swift */,
				94814FEE28CF7BC5005A1E94 /* Date+Ext.swift */,
			);
			path = Helpers;
			sourceTree = "<group>";
		};
		94D5857828CA0B6D00F01AE2 = {
			isa = PBXGroup;
			children = (
				94D5858328CA0B6D00F01AE2 /* AdyenReaderTest */,
				94D5858228CA0B6D00F01AE2 /* Products */,
			);
			sourceTree = "<group>";
		};
		94D5858228CA0B6D00F01AE2 /* Products */ = {
			isa = PBXGroup;
			children = (
				94D5858128CA0B6D00F01AE2 /* AdyenReaderTest.app */,
			);
			name = Products;
			sourceTree = "<group>";
		};
		94D5858328CA0B6D00F01AE2 /* AdyenReaderTest */ = {
			isa = PBXGroup;
			children = (
				94814FFF28D0BDD3005A1E94 /* Application */,
				9481500228D0BDFF005A1E94 /* Helpers */,
				9481500128D0BDF3005A1E94 /* Service */,
				9481500028D0BDE2005A1E94 /* Modules */,
				94814FFE28D0BDC2005A1E94 /* Models */,
			);
			path = AdyenReaderTest;
			sourceTree = "<group>";
		};
/* End PBXGroup section */

/* Begin PBXNativeTarget section */
		94D5858028CA0B6D00F01AE2 /* AdyenReaderTest */ = {
			isa = PBXNativeTarget;
			buildConfigurationList = 94D5859528CA0B7100F01AE2 /* Build configuration list for PBXNativeTarget "AdyenReaderTest" */;
			buildPhases = (
				94D5857D28CA0B6D00F01AE2 /* Sources */,
				94D5857E28CA0B6D00F01AE2 /* Frameworks */,
				94D5857F28CA0B6D00F01AE2 /* Resources */,
			);
			buildRules = (
			);
			dependencies = (
			);
			name = AdyenReaderTest;
			packageProductDependencies = (
				94814FE828CF408E005A1E94 /* TerminalAPIKit */,
				94814FF128CF8148005A1E94 /* Adyen */,
				94814FF328CF8148005A1E94 /* AdyenActions */,
				94814FF528CF8148005A1E94 /* AdyenCard */,
				94814FF728CF8148005A1E94 /* AdyenComponents */,
				94814FF928CF8148005A1E94 /* AdyenDropIn */,
				94814FFB28CF8148005A1E94 /* AdyenEncryption */,
			);
			productName = AdyenReaderTest;
			productReference = 94D5858128CA0B6D00F01AE2 /* AdyenReaderTest.app */;
			productType = "com.apple.product-type.application";
		};
/* End PBXNativeTarget section */

/* Begin PBXProject section */
		94D5857928CA0B6D00F01AE2 /* Project object */ = {
			isa = PBXProject;
			attributes = {
				BuildIndependentTargetsInParallel = 1;
				LastSwiftUpdateCheck = 1330;
				LastUpgradeCheck = 1330;
				TargetAttributes = {
					94D5858028CA0B6D00F01AE2 = {
						CreatedOnToolsVersion = 13.3.1;
					};
				};
			};
			buildConfigurationList = 94D5857C28CA0B6D00F01AE2 /* Build configuration list for PBXProject "AdyenReaderTest" */;
			compatibilityVersion = "Xcode 13.0";
			developmentRegion = en;
			hasScannedForEncodings = 0;
			knownRegions = (
				en,
				Base,
			);
			mainGroup = 94D5857828CA0B6D00F01AE2;
			packageReferences = (
				94814FE728CF408E005A1E94 /* XCRemoteSwiftPackageReference "adyen-terminal-api-ios" */,
				94814FF028CF8148005A1E94 /* XCRemoteSwiftPackageReference "adyen-ios" */,
			);
			productRefGroup = 94D5858228CA0B6D00F01AE2 /* Products */;
			projectDirPath = "";
			projectRoot = "";
			targets = (
				94D5858028CA0B6D00F01AE2 /* AdyenReaderTest */,
			);
		};
/* End PBXProject section */

/* Begin PBXResourcesBuildPhase section */
		94D5857F28CA0B6D00F01AE2 /* Resources */ = {
			isa = PBXResourcesBuildPhase;
			buildActionMask = 2147483647;
			files = (
				94D5859128CA0B7100F01AE2 /* LaunchScreen.storyboard in Resources */,
				94D5858E28CA0B7100F01AE2 /* Assets.xcassets in Resources */,
				94D5858C28CA0B6D00F01AE2 /* Main.storyboard in Resources */,
			);
			runOnlyForDeploymentPostprocessing = 0;
		};
/* End PBXResourcesBuildPhase section */

/* Begin PBXSourcesBuildPhase section */
		94D5857D28CA0B6D00F01AE2 /* Sources */ = {
			isa = PBXSourcesBuildPhase;
			buildActionMask = 2147483647;
			files = (
				94814FD328CF2A6F005A1E94 /* AppService.swift in Sources */,
				94814FD528CF2ABD005A1E94 /* Logger.swift in Sources */,
				94D5858928CA0B6D00F01AE2 /* ViewController.swift in Sources */,
				94814FEB28CF5A1F005A1E94 /* SaleRequestAdapter.swift in Sources */,
				94D5858528CA0B6D00F01AE2 /* AppDelegate.swift in Sources */,
				94D585A628CA11F900F01AE2 /* AdyenReaderManager.swift in Sources */,
				94814FEF28CF7BC5005A1E94 /* Date+Ext.swift in Sources */,
				94814FED28CF6E58005A1E94 /* AdyenPresenter.swift in Sources */,
				94814FD728CF2B8B005A1E94 /* SessionSetupRequest.swift in Sources */,
				94D5858728CA0B6D00F01AE2 /* SceneDelegate.swift in Sources */,
				94814FE628CF36FD005A1E94 /* Collection+Ext.swift in Sources */,
			);
			runOnlyForDeploymentPostprocessing = 0;
		};
/* End PBXSourcesBuildPhase section */

/* Begin PBXVariantGroup section */
		94D5858A28CA0B6D00F01AE2 /* Main.storyboard */ = {
			isa = PBXVariantGroup;
			children = (
				94D5858B28CA0B6D00F01AE2 /* Base */,
			);
			name = Main.storyboard;
			sourceTree = "<group>";
		};
		94D5858F28CA0B7100F01AE2 /* LaunchScreen.storyboard */ = {
			isa = PBXVariantGroup;
			children = (
				94D5859028CA0B7100F01AE2 /* Base */,
			);
			name = LaunchScreen.storyboard;
			sourceTree = "<group>";
		};
/* End PBXVariantGroup section */

/* Begin XCBuildConfiguration section */
		94D5859328CA0B7100F01AE2 /* Debug */ = {
			isa = XCBuildConfiguration;
			buildSettings = {
				ALWAYS_SEARCH_USER_PATHS = NO;
				CLANG_ANALYZER_NONNULL = YES;
				CLANG_ANALYZER_NUMBER_OBJECT_CONVERSION = YES_AGGRESSIVE;
				CLANG_CXX_LANGUAGE_STANDARD = "gnu++17";
				CLANG_ENABLE_MODULES = YES;
				CLANG_ENABLE_OBJC_ARC = YES;
				CLANG_ENABLE_OBJC_WEAK = YES;
				CLANG_WARN_BLOCK_CAPTURE_AUTORELEASING = YES;
				CLANG_WARN_BOOL_CONVERSION = YES;
				CLANG_WARN_COMMA = YES;
				CLANG_WARN_CONSTANT_CONVERSION = YES;
				CLANG_WARN_DEPRECATED_OBJC_IMPLEMENTATIONS = YES;
				CLANG_WARN_DIRECT_OBJC_ISA_USAGE = YES_ERROR;
				CLANG_WARN_DOCUMENTATION_COMMENTS = YES;
				CLANG_WARN_EMPTY_BODY = YES;
				CLANG_WARN_ENUM_CONVERSION = YES;
				CLANG_WARN_INFINITE_RECURSION = YES;
				CLANG_WARN_INT_CONVERSION = YES;
				CLANG_WARN_NON_LITERAL_NULL_CONVERSION = YES;
				CLANG_WARN_OBJC_IMPLICIT_RETAIN_SELF = YES;
				CLANG_WARN_OBJC_LITERAL_CONVERSION = YES;
				CLANG_WARN_OBJC_ROOT_CLASS = YES_ERROR;
				CLANG_WARN_QUOTED_INCLUDE_IN_FRAMEWORK_HEADER = YES;
				CLANG_WARN_RANGE_LOOP_ANALYSIS = YES;
				CLANG_WARN_STRICT_PROTOTYPES = YES;
				CLANG_WARN_SUSPICIOUS_MOVE = YES;
				CLANG_WARN_UNGUARDED_AVAILABILITY = YES_AGGRESSIVE;
				CLANG_WARN_UNREACHABLE_CODE = YES;
				CLANG_WARN__DUPLICATE_METHOD_MATCH = YES;
				COPY_PHASE_STRIP = NO;
				DEBUG_INFORMATION_FORMAT = dwarf;
				ENABLE_STRICT_OBJC_MSGSEND = YES;
				ENABLE_TESTABILITY = YES;
				GCC_C_LANGUAGE_STANDARD = gnu11;
				GCC_DYNAMIC_NO_PIC = NO;
				GCC_NO_COMMON_BLOCKS = YES;
				GCC_OPTIMIZATION_LEVEL = 0;
				GCC_PREPROCESSOR_DEFINITIONS = (
					"DEBUG=1",
					"$(inherited)",
				);
				GCC_WARN_64_TO_32_BIT_CONVERSION = YES;
				GCC_WARN_ABOUT_RETURN_TYPE = YES_ERROR;
				GCC_WARN_UNDECLARED_SELECTOR = YES;
				GCC_WARN_UNINITIALIZED_AUTOS = YES_AGGRESSIVE;
				GCC_WARN_UNUSED_FUNCTION = YES;
				GCC_WARN_UNUSED_VARIABLE = YES;
				IPHONEOS_DEPLOYMENT_TARGET = 15.4;
				MTL_ENABLE_DEBUG_INFO = INCLUDE_SOURCE;
				MTL_FAST_MATH = YES;
				ONLY_ACTIVE_ARCH = YES;
				SDKROOT = iphoneos;
				SWIFT_ACTIVE_COMPILATION_CONDITIONS = DEBUG;
				SWIFT_OPTIMIZATION_LEVEL = "-Onone";
			};
			name = Debug;
		};
		94D5859428CA0B7100F01AE2 /* Release */ = {
			isa = XCBuildConfiguration;
			buildSettings = {
				ALWAYS_SEARCH_USER_PATHS = NO;
				CLANG_ANALYZER_NONNULL = YES;
				CLANG_ANALYZER_NUMBER_OBJECT_CONVERSION = YES_AGGRESSIVE;
				CLANG_CXX_LANGUAGE_STANDARD = "gnu++17";
				CLANG_ENABLE_MODULES = YES;
				CLANG_ENABLE_OBJC_ARC = YES;
				CLANG_ENABLE_OBJC_WEAK = YES;
				CLANG_WARN_BLOCK_CAPTURE_AUTORELEASING = YES;
				CLANG_WARN_BOOL_CONVERSION = YES;
				CLANG_WARN_COMMA = YES;
				CLANG_WARN_CONSTANT_CONVERSION = YES;
				CLANG_WARN_DEPRECATED_OBJC_IMPLEMENTATIONS = YES;
				CLANG_WARN_DIRECT_OBJC_ISA_USAGE = YES_ERROR;
				CLANG_WARN_DOCUMENTATION_COMMENTS = YES;
				CLANG_WARN_EMPTY_BODY = YES;
				CLANG_WARN_ENUM_CONVERSION = YES;
				CLANG_WARN_INFINITE_RECURSION = YES;
				CLANG_WARN_INT_CONVERSION = YES;
				CLANG_WARN_NON_LITERAL_NULL_CONVERSION = YES;
				CLANG_WARN_OBJC_IMPLICIT_RETAIN_SELF = YES;
				CLANG_WARN_OBJC_LITERAL_CONVERSION = YES;
				CLANG_WARN_OBJC_ROOT_CLASS = YES_ERROR;
				CLANG_WARN_QUOTED_INCLUDE_IN_FRAMEWORK_HEADER = YES;
				CLANG_WARN_RANGE_LOOP_ANALYSIS = YES;
				CLANG_WARN_STRICT_PROTOTYPES = YES;
				CLANG_WARN_SUSPICIOUS_MOVE = YES;
				CLANG_WARN_UNGUARDED_AVAILABILITY = YES_AGGRESSIVE;
				CLANG_WARN_UNREACHABLE_CODE = YES;
				CLANG_WARN__DUPLICATE_METHOD_MATCH = YES;
				COPY_PHASE_STRIP = NO;
				DEBUG_INFORMATION_FORMAT = "dwarf-with-dsym";
				ENABLE_NS_ASSERTIONS = NO;
				ENABLE_STRICT_OBJC_MSGSEND = YES;
				GCC_C_LANGUAGE_STANDARD = gnu11;
				GCC_NO_COMMON_BLOCKS = YES;
				GCC_WARN_64_TO_32_BIT_CONVERSION = YES;
				GCC_WARN_ABOUT_RETURN_TYPE = YES_ERROR;
				GCC_WARN_UNDECLARED_SELECTOR = YES;
				GCC_WARN_UNINITIALIZED_AUTOS = YES_AGGRESSIVE;
				GCC_WARN_UNUSED_FUNCTION = YES;
				GCC_WARN_UNUSED_VARIABLE = YES;
				IPHONEOS_DEPLOYMENT_TARGET = 15.4;
				MTL_ENABLE_DEBUG_INFO = NO;
				MTL_FAST_MATH = YES;
				SDKROOT = iphoneos;
				SWIFT_COMPILATION_MODE = wholemodule;
				SWIFT_OPTIMIZATION_LEVEL = "-O";
				VALIDATE_PRODUCT = YES;
			};
			name = Release;
		};
		94D5859628CA0B7100F01AE2 /* Debug */ = {
			isa = XCBuildConfiguration;
			buildSettings = {
				ASSETCATALOG_COMPILER_APPICON_NAME = AppIcon;
				ASSETCATALOG_COMPILER_GLOBAL_ACCENT_COLOR_NAME = AccentColor;
				CODE_SIGN_STYLE = Automatic;
				CURRENT_PROJECT_VERSION = 1;
				DEVELOPMENT_TEAM = B7HZ65DT3V;
				GENERATE_INFOPLIST_FILE = YES;
				INFOPLIST_FILE = /$PROJECT_DIR/$TARGET_NAME/Application/Info.plist;
				INFOPLIST_KEY_LSApplicationCategoryType = "public.app-category.food-and-drink";
				INFOPLIST_KEY_UIApplicationSupportsIndirectInputEvents = YES;
				INFOPLIST_KEY_UILaunchStoryboardName = LaunchScreen;
				INFOPLIST_KEY_UIMainStoryboardFile = Main;
				INFOPLIST_KEY_UISupportedInterfaceOrientations_iPad = "UIInterfaceOrientationPortrait UIInterfaceOrientationPortraitUpsideDown UIInterfaceOrientationLandscapeLeft UIInterfaceOrientationLandscapeRight";
				INFOPLIST_KEY_UISupportedInterfaceOrientations_iPhone = "UIInterfaceOrientationPortrait UIInterfaceOrientationLandscapeLeft UIInterfaceOrientationLandscapeRight";
				LD_RUNPATH_SEARCH_PATHS = (
					"$(inherited)",
					"@executable_path/Frameworks",
				);
				MARKETING_VERSION = 1.0;
				PRODUCT_BUNDLE_IDENTIFIER = com..AdyenReaderTest;
				PRODUCT_NAME = "$(TARGET_NAME)";
				SWIFT_EMIT_LOC_STRINGS = YES;
				SWIFT_VERSION = 5.0;
				TARGETED_DEVICE_FAMILY = "1,2";
			};
			name = Debug;
		};
		94D5859728CA0B7100F01AE2 /* Release */ = {
			isa = XCBuildConfiguration;
			buildSettings = {
				ASSETCATALOG_COMPILER_APPICON_NAME = AppIcon;
				ASSETCATALOG_COMPILER_GLOBAL_ACCENT_COLOR_NAME = AccentColor;
				CODE_SIGN_STYLE = Automatic;
				CURRENT_PROJECT_VERSION = 1;
				DEVELOPMENT_TEAM = B7HZ65DT3V;
				GENERATE_INFOPLIST_FILE = YES;
				INFOPLIST_FILE = /$PROJECT_DIR/$TARGET_NAME/Application/Info.plist;
				INFOPLIST_KEY_LSApplicationCategoryType = "public.app-category.food-and-drink";
				INFOPLIST_KEY_UIApplicationSupportsIndirectInputEvents = YES;
				INFOPLIST_KEY_UILaunchStoryboardName = LaunchScreen;
				INFOPLIST_KEY_UIMainStoryboardFile = Main;
				INFOPLIST_KEY_UISupportedInterfaceOrientations_iPad = "UIInterfaceOrientationPortrait UIInterfaceOrientationPortraitUpsideDown UIInterfaceOrientationLandscapeLeft UIInterfaceOrientationLandscapeRight";
				INFOPLIST_KEY_UISupportedInterfaceOrientations_iPhone = "UIInterfaceOrientationPortrait UIInterfaceOrientationLandscapeLeft UIInterfaceOrientationLandscapeRight";
				LD_RUNPATH_SEARCH_PATHS = (
					"$(inherited)",
					"@executable_path/Frameworks",
				);
				MARKETING_VERSION = 1.0;
				PRODUCT_BUNDLE_IDENTIFIER = com..AdyenReaderTest;
				PRODUCT_NAME = "$(TARGET_NAME)";
				SWIFT_EMIT_LOC_STRINGS = YES;
				SWIFT_VERSION = 5.0;
				TARGETED_DEVICE_FAMILY = "1,2";
			};
			name = Release;
		};
/* End XCBuildConfiguration section */

/* Begin XCConfigurationList section */
		94D5857C28CA0B6D00F01AE2 /* Build configuration list for PBXProject "AdyenReaderTest" */ = {
			isa = XCConfigurationList;
			buildConfigurations = (
				94D5859328CA0B7100F01AE2 /* Debug */,
				94D5859428CA0B7100F01AE2 /* Release */,
			);
			defaultConfigurationIsVisible = 0;
			defaultConfigurationName = Release;
		};
		94D5859528CA0B7100F01AE2 /* Build configuration list for PBXNativeTarget "AdyenReaderTest" */ = {
			isa = XCConfigurationList;
			buildConfigurations = (
				94D5859628CA0B7100F01AE2 /* Debug */,
				94D5859728CA0B7100F01AE2 /* Release */,
			);
			defaultConfigurationIsVisible = 0;
			defaultConfigurationName = Release;
		};
/* End XCConfigurationList section */

/* Begin XCRemoteSwiftPackageReference section */
		94814FE728CF408E005A1E94 /* XCRemoteSwiftPackageReference "adyen-terminal-api-ios" */ = {
			isa = XCRemoteSwiftPackageReference;
			repositoryURL = "https://github.com/Adyen/adyen-terminal-api-ios";
			requirement = {
				kind = upToNextMajorVersion;
				minimumVersion = 1.0.0;
			};
		};
		94814FF028CF8148005A1E94 /* XCRemoteSwiftPackageReference "adyen-ios" */ = {
			isa = XCRemoteSwiftPackageReference;
			repositoryURL = "https://github.com/Adyen/adyen-ios";
			requirement = {
				kind = upToNextMajorVersion;
				minimumVersion = 4.0.0;
			};
		};
/* End XCRemoteSwiftPackageReference section */

/* Begin XCSwiftPackageProductDependency section */
		94814FE828CF408E005A1E94 /* TerminalAPIKit */ = {
			isa = XCSwiftPackageProductDependency;
			package = 94814FE728CF408E005A1E94 /* XCRemoteSwiftPackageReference "adyen-terminal-api-ios" */;
			productName = TerminalAPIKit;
		};
		94814FF128CF8148005A1E94 /* Adyen */ = {
			isa = XCSwiftPackageProductDependency;
			package = 94814FF028CF8148005A1E94 /* XCRemoteSwiftPackageReference "adyen-ios" */;
			productName = Adyen;
		};
		94814FF328CF8148005A1E94 /* AdyenActions */ = {
			isa = XCSwiftPackageProductDependency;
			package = 94814FF028CF8148005A1E94 /* XCRemoteSwiftPackageReference "adyen-ios" */;
			productName = AdyenActions;
		};
		94814FF528CF8148005A1E94 /* AdyenCard */ = {
			isa = XCSwiftPackageProductDependency;
			package = 94814FF028CF8148005A1E94 /* XCRemoteSwiftPackageReference "adyen-ios" */;
			productName = AdyenCard;
		};
		94814FF728CF8148005A1E94 /* AdyenComponents */ = {
			isa = XCSwiftPackageProductDependency;
			package = 94814FF028CF8148005A1E94 /* XCRemoteSwiftPackageReference "adyen-ios" */;
			productName = AdyenComponents;
		};
		94814FF928CF8148005A1E94 /* AdyenDropIn */ = {
			isa = XCSwiftPackageProductDependency;
			package = 94814FF028CF8148005A1E94 /* XCRemoteSwiftPackageReference "adyen-ios" */;
			productName = AdyenDropIn;
		};
		94814FFB28CF8148005A1E94 /* AdyenEncryption */ = {
			isa = XCSwiftPackageProductDependency;
			package = 94814FF028CF8148005A1E94 /* XCRemoteSwiftPackageReference "adyen-ios" */;
			productName = AdyenEncryption;
		};
/* End XCSwiftPackageProductDependency section */
	};
	rootObject = 94D5857928CA0B6D00F01AE2 /* Project object */;
}
