// !$*UTF8*$!
{
	archiveVersion = 1;
	classes = {
	};
	objectVersion = 55;
	objects = {

/* Begin PBXBuildFile section */
		941FF32429BF3D5C001BD756 /* VoidResponse.swift in Sources */ = {isa = PBXBuildFile; fileRef = 941FF32329BF3D5C001BD756 /* VoidResponse.swift */; };
		941FF32729BF3F5E001BD756 /* SectionView.swift in Sources */ = {isa = PBXBuildFile; fileRef = 941FF32629BF3F5E001BD756 /* SectionView.swift */; };
		941FF32929BF57DC001BD756 /* LoginViewController.swift in Sources */ = {isa = PBXBuildFile; fileRef = 941FF32829BF57DC001BD756 /* LoginViewController.swift */; };
		941FF32B29BF6B5C001BD756 /* Constants.swift in Sources */ = {isa = PBXBuildFile; fileRef = 941FF32A29BF6B5C001BD756 /* Constants.swift */; };
		941FF32D29BF6F1B001BD756 /* AuthResponse.swift in Sources */ = {isa = PBXBuildFile; fileRef = 941FF32C29BF6F1B001BD756 /* AuthResponse.swift */; };
		941FF32F29BF6F83001BD756 /* Restaurnat.swift in Sources */ = {isa = PBXBuildFile; fileRef = 941FF32E29BF6F83001BD756 /* Restaurnat.swift */; };
		941FF33129BF74CE001BD756 /* String+Ext.swift in Sources */ = {isa = PBXBuildFile; fileRef = 941FF33029BF74CE001BD756 /* String+Ext.swift */; };
		941FF33329BF7571001BD756 /* Globals.swift in Sources */ = {isa = PBXBuildFile; fileRef = 941FF33229BF7571001BD756 /* Globals.swift */; };
		94814FE928CF408E005A1E94 /* TerminalAPIKit in Frameworks */ = {isa = PBXBuildFile; productRef = 94814FE828CF408E005A1E94 /* TerminalAPIKit */; };
		94814FF228CF8148005A1E94 /* Adyen in Frameworks */ = {isa = PBXBuildFile; productRef = 94814FF128CF8148005A1E94 /* Adyen */; };
		94814FF428CF8148005A1E94 /* AdyenActions in Frameworks */ = {isa = PBXBuildFile; productRef = 94814FF328CF8148005A1E94 /* AdyenActions */; };
		94814FF628CF8148005A1E94 /* AdyenCard in Frameworks */ = {isa = PBXBuildFile; productRef = 94814FF528CF8148005A1E94 /* AdyenCard */; };
		94814FF828CF8148005A1E94 /* AdyenComponents in Frameworks */ = {isa = PBXBuildFile; productRef = 94814FF728CF8148005A1E94 /* AdyenComponents */; };
		94814FFA28CF8148005A1E94 /* AdyenDropIn in Frameworks */ = {isa = PBXBuildFile; productRef = 94814FF928CF8148005A1E94 /* AdyenDropIn */; };
		94814FFC28CF8148005A1E94 /* AdyenEncryption in Frameworks */ = {isa = PBXBuildFile; productRef = 94814FFB28CF8148005A1E94 /* AdyenEncryption */; };
		94D5858528CA0B6D00F01AE2 /* AppDelegate.swift in Sources */ = {isa = PBXBuildFile; fileRef = 94D5858428CA0B6D00F01AE2 /* AppDelegate.swift */; };
		94D5858728CA0B6D00F01AE2 /* SceneDelegate.swift in Sources */ = {isa = PBXBuildFile; fileRef = 94D5858628CA0B6D00F01AE2 /* SceneDelegate.swift */; };
		94D5858928CA0B6D00F01AE2 /* ViewController.swift in Sources */ = {isa = PBXBuildFile; fileRef = 94D5858828CA0B6D00F01AE2 /* ViewController.swift */; };
		94D5858C28CA0B6D00F01AE2 /* Main.storyboard in Resources */ = {isa = PBXBuildFile; fileRef = 94D5858A28CA0B6D00F01AE2 /* Main.storyboard */; };
		94D5858E28CA0B7100F01AE2 /* Assets.xcassets in Resources */ = {isa = PBXBuildFile; fileRef = 94D5858D28CA0B7100F01AE2 /* Assets.xcassets */; };
		94D5859128CA0B7100F01AE2 /* LaunchScreen.storyboard in Resources */ = {isa = PBXBuildFile; fileRef = 94D5858F28CA0B7100F01AE2 /* LaunchScreen.storyboard */; };
		94D6B6D829BA040F005F5474 /* AdyenDevice.swift in Sources */ = {isa = PBXBuildFile; fileRef = 94D6B6D729BA040F005F5474 /* AdyenDevice.swift */; };
		94D6B6DA29BA042E005F5474 /* AdyenConnectedDevice.swift in Sources */ = {isa = PBXBuildFile; fileRef = 94D6B6D929BA042E005F5474 /* AdyenConnectedDevice.swift */; };
		94D6B6DC29BA0446005F5474 /* SessionsResponse.swift in Sources */ = {isa = PBXBuildFile; fileRef = 94D6B6DB29BA0446005F5474 /* SessionsResponse.swift */; };
		94D6B6DE29BA045C005F5474 /* AdyenPaymentRequest.swift in Sources */ = {isa = PBXBuildFile; fileRef = 94D6B6DD29BA045C005F5474 /* AdyenPaymentRequest.swift */; };
		94D6B6E029BA0667005F5474 /* APIManager.swift in Sources */ = {isa = PBXBuildFile; fileRef = 94D6B6DF29BA0667005F5474 /* APIManager.swift */; };
		94D6B6E229BA068D005F5474 /* AdyenManager.swift in Sources */ = {isa = PBXBuildFile; fileRef = 94D6B6E129BA068D005F5474 /* AdyenManager.swift */; };
		94D6B6E429BA0853005F5474 /* UIViewController+Ext.swift in Sources */ = {isa = PBXBuildFile; fileRef = 94D6B6E329BA0853005F5474 /* UIViewController+Ext.swift */; };
		94D6B6E729BA1002005F5474 /* Logger.swift in Sources */ = {isa = PBXBuildFile; fileRef = 94D6B6E629BA1002005F5474 /* Logger.swift */; };
		94D6B6E929BA35BA005F5474 /* OrderResponse.swift in Sources */ = {isa = PBXBuildFile; fileRef = 94D6B6E829BA35BA005F5474 /* OrderResponse.swift */; };
		94D6B6EB29BA3611005F5474 /* LoginResponse.swift in Sources */ = {isa = PBXBuildFile; fileRef = 94D6B6EA29BA3611005F5474 /* LoginResponse.swift */; };
		94D6B6ED29BA3971005F5474 /* LocalStorage.swift in Sources */ = {isa = PBXBuildFile; fileRef = 94D6B6EC29BA3971005F5474 /* LocalStorage.swift */; };
		94D6B6F029BA3C1E005F5474 /* ADYPOS in Frameworks */ = {isa = PBXBuildFile; productRef = 94D6B6EF29BA3C1E005F5474 /* ADYPOS */; };
		94D6B6F229BA3C1E005F5474 /* AdyenPOS in Frameworks */ = {isa = PBXBuildFile; productRef = 94D6B6F129BA3C1E005F5474 /* AdyenPOS */; };
		94D6B6F529BA3C74005F5474 /* SnapKit in Frameworks */ = {isa = PBXBuildFile; productRef = 94D6B6F429BA3C74005F5474 /* SnapKit */; };
		94D6B6F729BA3CD2005F5474 /* UIStackView+Ext.swift in Sources */ = {isa = PBXBuildFile; fileRef = 94D6B6F629BA3CD2005F5474 /* UIStackView+Ext.swift */; };
		94D6B6FA29BA4303005F5474 /* Mocker.swift in Sources */ = {isa = PBXBuildFile; fileRef = 94D6B6F929BA4303005F5474 /* Mocker.swift */; };
		94D6B6FC29BA5B70005F5474 /* Collection+Ext.swift in Sources */ = {isa = PBXBuildFile; fileRef = 94D6B6FB29BA5B70005F5474 /* Collection+Ext.swift */; };
		94D6B6FE29BA629E005F5474 /* ViewController+Refreshes.swift in Sources */ = {isa = PBXBuildFile; fileRef = 94D6B6FD29BA629E005F5474 /* ViewController+Refreshes.swift */; };
		94D6B70029BB6719005F5474 /* AdyenPaymentResponse.swift in Sources */ = {isa = PBXBuildFile; fileRef = 94D6B6FF29BB6719005F5474 /* AdyenPaymentResponse.swift */; };
/* End PBXBuildFile section */

/* Begin PBXFileReference section */
		941FF32329BF3D5C001BD756 /* VoidResponse.swift */ = {isa = PBXFileReference; lastKnownFileType = sourcecode.swift; path = VoidResponse.swift; sourceTree = "<group>"; };
		941FF32629BF3F5E001BD756 /* SectionView.swift */ = {isa = PBXFileReference; lastKnownFileType = sourcecode.swift; path = SectionView.swift; sourceTree = "<group>"; };
		941FF32829BF57DC001BD756 /* LoginViewController.swift */ = {isa = PBXFileReference; lastKnownFileType = sourcecode.swift; path = LoginViewController.swift; sourceTree = "<group>"; };
		941FF32A29BF6B5C001BD756 /* Constants.swift */ = {isa = PBXFileReference; lastKnownFileType = sourcecode.swift; path = Constants.swift; sourceTree = "<group>"; };
		941FF32C29BF6F1B001BD756 /* AuthResponse.swift */ = {isa = PBXFileReference; lastKnownFileType = sourcecode.swift; path = AuthResponse.swift; sourceTree = "<group>"; };
		941FF32E29BF6F83001BD756 /* Restaurnat.swift */ = {isa = PBXFileReference; lastKnownFileType = sourcecode.swift; path = Restaurnat.swift; sourceTree = "<group>"; };
		941FF33029BF74CE001BD756 /* String+Ext.swift */ = {isa = PBXFileReference; lastKnownFileType = sourcecode.swift; path = "String+Ext.swift"; sourceTree = "<group>"; };
		941FF33229BF7571001BD756 /* Globals.swift */ = {isa = PBXFileReference; lastKnownFileType = sourcecode.swift; path = Globals.swift; sourceTree = "<group>"; };
		94D5858128CA0B6D00F01AE2 /* AdyenReaderTest.app */ = {isa = PBXFileReference; explicitFileType = wrapper.application; includeInIndex = 0; path = AdyenReaderTest.app; sourceTree = BUILT_PRODUCTS_DIR; };
		94D5858428CA0B6D00F01AE2 /* AppDelegate.swift */ = {isa = PBXFileReference; lastKnownFileType = sourcecode.swift; path = AppDelegate.swift; sourceTree = "<group>"; };
		94D5858628CA0B6D00F01AE2 /* SceneDelegate.swift */ = {isa = PBXFileReference; lastKnownFileType = sourcecode.swift; path = SceneDelegate.swift; sourceTree = "<group>"; };
		94D5858828CA0B6D00F01AE2 /* ViewController.swift */ = {isa = PBXFileReference; lastKnownFileType = sourcecode.swift; path = ViewController.swift; sourceTree = "<group>"; };
		94D5858B28CA0B6D00F01AE2 /* Base */ = {isa = PBXFileReference; lastKnownFileType = file.storyboard; name = Base; path = Base.lproj/Main.storyboard; sourceTree = "<group>"; };
		94D5858D28CA0B7100F01AE2 /* Assets.xcassets */ = {isa = PBXFileReference; lastKnownFileType = folder.assetcatalog; path = Assets.xcassets; sourceTree = "<group>"; };
		94D5859028CA0B7100F01AE2 /* Base */ = {isa = PBXFileReference; lastKnownFileType = file.storyboard; name = Base; path = Base.lproj/LaunchScreen.storyboard; sourceTree = "<group>"; };
		94D5859228CA0B7100F01AE2 /* Info.plist */ = {isa = PBXFileReference; lastKnownFileType = text.plist.xml; path = Info.plist; sourceTree = "<group>"; };
		94D6B6D729BA040F005F5474 /* AdyenDevice.swift */ = {isa = PBXFileReference; lastKnownFileType = sourcecode.swift; path = AdyenDevice.swift; sourceTree = "<group>"; };
		94D6B6D929BA042E005F5474 /* AdyenConnectedDevice.swift */ = {isa = PBXFileReference; lastKnownFileType = sourcecode.swift; path = AdyenConnectedDevice.swift; sourceTree = "<group>"; };
		94D6B6DB29BA0446005F5474 /* SessionsResponse.swift */ = {isa = PBXFileReference; lastKnownFileType = sourcecode.swift; path = SessionsResponse.swift; sourceTree = "<group>"; };
		94D6B6DD29BA045C005F5474 /* AdyenPaymentRequest.swift */ = {isa = PBXFileReference; lastKnownFileType = sourcecode.swift; path = AdyenPaymentRequest.swift; sourceTree = "<group>"; };
		94D6B6DF29BA0667005F5474 /* APIManager.swift */ = {isa = PBXFileReference; lastKnownFileType = sourcecode.swift; path = APIManager.swift; sourceTree = "<group>"; };
		94D6B6E129BA068D005F5474 /* AdyenManager.swift */ = {isa = PBXFileReference; lastKnownFileType = sourcecode.swift; path = AdyenManager.swift; sourceTree = "<group>"; };
		94D6B6E329BA0853005F5474 /* UIViewController+Ext.swift */ = {isa = PBXFileReference; lastKnownFileType = sourcecode.swift; path = "UIViewController+Ext.swift"; sourceTree = "<group>"; };
		94D6B6E629BA1002005F5474 /* Logger.swift */ = {isa = PBXFileReference; lastKnownFileType = sourcecode.swift; path = Logger.swift; sourceTree = "<group>"; };
		94D6B6E829BA35BA005F5474 /* OrderResponse.swift */ = {isa = PBXFileReference; lastKnownFileType = sourcecode.swift; path = OrderResponse.swift; sourceTree = "<group>"; };
		94D6B6EA29BA3611005F5474 /* LoginResponse.swift */ = {isa = PBXFileReference; lastKnownFileType = sourcecode.swift; path = LoginResponse.swift; sourceTree = "<group>"; };
		94D6B6EC29BA3971005F5474 /* LocalStorage.swift */ = {isa = PBXFileReference; lastKnownFileType = sourcecode.swift; path = LocalStorage.swift; sourceTree = "<group>"; };
		94D6B6F629BA3CD2005F5474 /* UIStackView+Ext.swift */ = {isa = PBXFileReference; fileEncoding = 4; lastKnownFileType = sourcecode.swift; path = "UIStackView+Ext.swift"; sourceTree = "<group>"; };
		94D6B6F929BA4303005F5474 /* Mocker.swift */ = {isa = PBXFileReference; lastKnownFileType = sourcecode.swift; path = Mocker.swift; sourceTree = "<group>"; };
		94D6B6FB29BA5B70005F5474 /* Collection+Ext.swift */ = {isa = PBXFileReference; fileEncoding = 4; lastKnownFileType = sourcecode.swift; path = "Collection+Ext.swift"; sourceTree = "<group>"; };
		94D6B6FD29BA629E005F5474 /* ViewController+Refreshes.swift */ = {isa = PBXFileReference; lastKnownFileType = sourcecode.swift; path = "ViewController+Refreshes.swift"; sourceTree = "<group>"; };
		94D6B6FF29BB6719005F5474 /* AdyenPaymentResponse.swift */ = {isa = PBXFileReference; lastKnownFileType = sourcecode.swift; path = AdyenPaymentResponse.swift; sourceTree = "<group>"; };
/* End PBXFileReference section */

/* Begin PBXFrameworksBuildPhase section */
		94D5857E28CA0B6D00F01AE2 /* Frameworks */ = {
			isa = PBXFrameworksBuildPhase;
			buildActionMask = 2147483647;
			files = (
				94814FF628CF8148005A1E94 /* AdyenCard in Frameworks */,
				94814FF228CF8148005A1E94 /* Adyen in Frameworks */,
				94814FFC28CF8148005A1E94 /* AdyenEncryption in Frameworks */,
				94814FFA28CF8148005A1E94 /* AdyenDropIn in Frameworks */,
				94814FF828CF8148005A1E94 /* AdyenComponents in Frameworks */,
				94814FF428CF8148005A1E94 /* AdyenActions in Frameworks */,
				94D6B6F029BA3C1E005F5474 /* ADYPOS in Frameworks */,
				94D6B6F229BA3C1E005F5474 /* AdyenPOS in Frameworks */,
				94814FE928CF408E005A1E94 /* TerminalAPIKit in Frameworks */,
				94D6B6F529BA3C74005F5474 /* SnapKit in Frameworks */,
			);
			runOnlyForDeploymentPostprocessing = 0;
		};
/* End PBXFrameworksBuildPhase section */

/* Begin PBXGroup section */
		941FF32529BF3E82001BD756 /* Views */ = {
			isa = PBXGroup;
			children = (
				941FF32629BF3F5E001BD756 /* SectionView.swift */,
			);
			path = Views;
			sourceTree = "<group>";
		};
		94814FFE28D0BDC2005A1E94 /* Models */ = {
			isa = PBXGroup;
			children = (
				94D6B6D729BA040F005F5474 /* AdyenDevice.swift */,
				94D6B6D929BA042E005F5474 /* AdyenConnectedDevice.swift */,
				94D6B6DB29BA0446005F5474 /* SessionsResponse.swift */,
				94D6B6DD29BA045C005F5474 /* AdyenPaymentRequest.swift */,
				94D6B6FF29BB6719005F5474 /* AdyenPaymentResponse.swift */,
				94D6B6E829BA35BA005F5474 /* OrderResponse.swift */,
				94D6B6EA29BA3611005F5474 /* LoginResponse.swift */,
				941FF32329BF3D5C001BD756 /* VoidResponse.swift */,
				941FF32C29BF6F1B001BD756 /* AuthResponse.swift */,
				941FF32E29BF6F83001BD756 /* Restaurnat.swift */,
			);
			path = Models;
			sourceTree = "<group>";
		};
		94814FFF28D0BDD3005A1E94 /* Application */ = {
			isa = PBXGroup;
			children = (
				94D5858428CA0B6D00F01AE2 /* AppDelegate.swift */,
				94D5858628CA0B6D00F01AE2 /* SceneDelegate.swift */,
				94D5858A28CA0B6D00F01AE2 /* Main.storyboard */,
				94D5858D28CA0B7100F01AE2 /* Assets.xcassets */,
				94D5858F28CA0B7100F01AE2 /* LaunchScreen.storyboard */,
				94D5859228CA0B7100F01AE2 /* Info.plist */,
			);
			path = Application;
			sourceTree = "<group>";
		};
		9481500028D0BDE2005A1E94 /* Modules */ = {
			isa = PBXGroup;
			children = (
				941FF32829BF57DC001BD756 /* LoginViewController.swift */,
				94D5858828CA0B6D00F01AE2 /* ViewController.swift */,
				94D6B6FD29BA629E005F5474 /* ViewController+Refreshes.swift */,
			);
			path = Modules;
			sourceTree = "<group>";
		};
		9481500128D0BDF3005A1E94 /* Managers */ = {
			isa = PBXGroup;
			children = (
				94D6B6E129BA068D005F5474 /* AdyenManager.swift */,
				94D6B6DF29BA0667005F5474 /* APIManager.swift */,
				94D6B6E629BA1002005F5474 /* Logger.swift */,
				94D6B6EC29BA3971005F5474 /* LocalStorage.swift */,
			);
			path = Managers;
			sourceTree = "<group>";
		};
		94D5857828CA0B6D00F01AE2 = {
			isa = PBXGroup;
			children = (
				94D5858328CA0B6D00F01AE2 /* AdyenReaderTest */,
				94D5858228CA0B6D00F01AE2 /* Products */,
			);
			sourceTree = "<group>";
		};
		94D5858228CA0B6D00F01AE2 /* Products */ = {
			isa = PBXGroup;
			children = (
				94D5858128CA0B6D00F01AE2 /* AdyenReaderTest.app */,
			);
			name = Products;
			sourceTree = "<group>";
		};
		94D5858328CA0B6D00F01AE2 /* AdyenReaderTest */ = {
			isa = PBXGroup;
			children = (
				94814FFF28D0BDD3005A1E94 /* Application */,
				94D6B6F829BA4287005F5474 /* Constants */,
				94D6B6E529BA088D005F5474 /* Helpers */,
				9481500128D0BDF3005A1E94 /* Managers */,
				9481500028D0BDE2005A1E94 /* Modules */,
				941FF32529BF3E82001BD756 /* Views */,
				94814FFE28D0BDC2005A1E94 /* Models */,
			);
			path = AdyenReaderTest;
			sourceTree = "<group>";
		};
		94D6B6E529BA088D005F5474 /* Helpers */ = {
			isa = PBXGroup;
			children = (
				94D6B6FB29BA5B70005F5474 /* Collection+Ext.swift */,
				94D6B6E329BA0853005F5474 /* UIViewController+Ext.swift */,
				94D6B6F629BA3CD2005F5474 /* UIStackView+Ext.swift */,
				941FF33029BF74CE001BD756 /* String+Ext.swift */,
			);
			path = Helpers;
			sourceTree = "<group>";
		};
		94D6B6F829BA4287005F5474 /* Constants */ = {
			isa = PBXGroup;
			children = (
				94D6B6F929BA4303005F5474 /* Mocker.swift */,
				941FF32A29BF6B5C001BD756 /* Constants.swift */,
				941FF33229BF7571001BD756 /* Globals.swift */,
			);
			path = Constants;
			sourceTree = "<group>";
		};
/* End PBXGroup section */

/* Begin PBXNativeTarget section */
		94D5858028CA0B6D00F01AE2 /* AdyenReaderTest */ = {
			isa = PBXNativeTarget;
			buildConfigurationList = 94D5859528CA0B7100F01AE2 /* Build configuration list for PBXNativeTarget "AdyenReaderTest" */;
			buildPhases = (
				94D5857D28CA0B6D00F01AE2 /* Sources */,
				94D5857E28CA0B6D00F01AE2 /* Frameworks */,
				94D5857F28CA0B6D00F01AE2 /* Resources */,
			);
			buildRules = (
			);
			dependencies = (
			);
			name = AdyenReaderTest;
			packageProductDependencies = (
				94814FE828CF408E005A1E94 /* TerminalAPIKit */,
				94814FF128CF8148005A1E94 /* Adyen */,
				94814FF328CF8148005A1E94 /* AdyenActions */,
				94814FF528CF8148005A1E94 /* AdyenCard */,
				94814FF728CF8148005A1E94 /* AdyenComponents */,
				94814FF928CF8148005A1E94 /* AdyenDropIn */,
				94814FFB28CF8148005A1E94 /* AdyenEncryption */,
				94D6B6EF29BA3C1E005F5474 /* ADYPOS */,
				94D6B6F129BA3C1E005F5474 /* AdyenPOS */,
				94D6B6F429BA3C74005F5474 /* SnapKit */,
			);
			productName = AdyenReaderTest;
			productReference = 94D5858128CA0B6D00F01AE2 /* AdyenReaderTest.app */;
			productType = "com.apple.product-type.application";
		};
/* End PBXNativeTarget section */

/* Begin PBXProject section */
		94D5857928CA0B6D00F01AE2 /* Project object */ = {
			isa = PBXProject;
			attributes = {
				BuildIndependentTargetsInParallel = 1;
				LastSwiftUpdateCheck = 1330;
				LastUpgradeCheck = 1330;
				TargetAttributes = {
					94D5858028CA0B6D00F01AE2 = {
						CreatedOnToolsVersion = 13.3.1;
					};
				};
			};
			buildConfigurationList = 94D5857C28CA0B6D00F01AE2 /* Build configuration list for PBXProject "AdyenReaderTest" */;
			compatibilityVersion = "Xcode 13.0";
			developmentRegion = en;
			hasScannedForEncodings = 0;
			knownRegions = (
				en,
				Base,
			);
			mainGroup = 94D5857828CA0B6D00F01AE2;
			packageReferences = (
				94814FE728CF408E005A1E94 /* XCRemoteSwiftPackageReference "adyen-terminal-api-ios" */,
				94814FF028CF8148005A1E94 /* XCRemoteSwiftPackageReference "adyen-ios" */,
				94D6B6EE29BA3C1E005F5474 /* XCRemoteSwiftPackageReference "AdyenPOS_1.0" */,
				94D6B6F329BA3C74005F5474 /* XCRemoteSwiftPackageReference "SnapKit" */,
			);
			productRefGroup = 94D5858228CA0B6D00F01AE2 /* Products */;
			projectDirPath = "";
			projectRoot = "";
			targets = (
				94D5858028CA0B6D00F01AE2 /* AdyenReaderTest */,
			);
		};
/* End PBXProject section */

/* Begin PBXResourcesBuildPhase section */
		94D5857F28CA0B6D00F01AE2 /* Resources */ = {
			isa = PBXResourcesBuildPhase;
			buildActionMask = 2147483647;
			files = (
				94D5859128CA0B7100F01AE2 /* LaunchScreen.storyboard in Resources */,
				94D5858E28CA0B7100F01AE2 /* Assets.xcassets in Resources */,
				94D5858C28CA0B6D00F01AE2 /* Main.storyboard in Resources */,
			);
			runOnlyForDeploymentPostprocessing = 0;
		};
/* End PBXResourcesBuildPhase section */

/* Begin PBXSourcesBuildPhase section */
		94D5857D28CA0B6D00F01AE2 /* Sources */ = {
			isa = PBXSourcesBuildPhase;
			buildActionMask = 2147483647;
			files = (
				94D6B6E229BA068D005F5474 /* AdyenManager.swift in Sources */,
				94D6B70029BB6719005F5474 /* AdyenPaymentResponse.swift in Sources */,
				94D6B6E929BA35BA005F5474 /* OrderResponse.swift in Sources */,
				94D6B6E729BA1002005F5474 /* Logger.swift in Sources */,
				94D6B6FA29BA4303005F5474 /* Mocker.swift in Sources */,
				94D6B6E029BA0667005F5474 /* APIManager.swift in Sources */,
				941FF32B29BF6B5C001BD756 /* Constants.swift in Sources */,
				94D6B6DA29BA042E005F5474 /* AdyenConnectedDevice.swift in Sources */,
				941FF33329BF7571001BD756 /* Globals.swift in Sources */,
				941FF32F29BF6F83001BD756 /* Restaurnat.swift in Sources */,
				94D6B6FE29BA629E005F5474 /* ViewController+Refreshes.swift in Sources */,
				94D6B6ED29BA3971005F5474 /* LocalStorage.swift in Sources */,
				94D6B6F729BA3CD2005F5474 /* UIStackView+Ext.swift in Sources */,
				941FF32929BF57DC001BD756 /* LoginViewController.swift in Sources */,
				941FF32429BF3D5C001BD756 /* VoidResponse.swift in Sources */,
				941FF33129BF74CE001BD756 /* String+Ext.swift in Sources */,
				94D6B6E429BA0853005F5474 /* UIViewController+Ext.swift in Sources */,
				94D6B6FC29BA5B70005F5474 /* Collection+Ext.swift in Sources */,
				94D6B6EB29BA3611005F5474 /* LoginResponse.swift in Sources */,
				94D5858928CA0B6D00F01AE2 /* ViewController.swift in Sources */,
				94D6B6D829BA040F005F5474 /* AdyenDevice.swift in Sources */,
				94D6B6DE29BA045C005F5474 /* AdyenPaymentRequest.swift in Sources */,
				941FF32729BF3F5E001BD756 /* SectionView.swift in Sources */,
				94D6B6DC29BA0446005F5474 /* SessionsResponse.swift in Sources */,
				94D5858528CA0B6D00F01AE2 /* AppDelegate.swift in Sources */,
				941FF32D29BF6F1B001BD756 /* AuthResponse.swift in Sources */,
				94D5858728CA0B6D00F01AE2 /* SceneDelegate.swift in Sources */,
			);
			runOnlyForDeploymentPostprocessing = 0;
		};
/* End PBXSourcesBuildPhase section */

/* Begin PBXVariantGroup section */
		94D5858A28CA0B6D00F01AE2 /* Main.storyboard */ = {
			isa = PBXVariantGroup;
			children = (
				94D5858B28CA0B6D00F01AE2 /* Base */,
			);
			name = Main.storyboard;
			sourceTree = "<group>";
		};
		94D5858F28CA0B7100F01AE2 /* LaunchScreen.storyboard */ = {
			isa = PBXVariantGroup;
			children = (
				94D5859028CA0B7100F01AE2 /* Base */,
			);
			name = LaunchScreen.storyboard;
			sourceTree = "<group>";
		};
/* End PBXVariantGroup section */

/* Begin XCBuildConfiguration section */
		94D5859328CA0B7100F01AE2 /* Debug */ = {
			isa = XCBuildConfiguration;
			buildSettings = {
				ALWAYS_SEARCH_USER_PATHS = NO;
				CLANG_ANALYZER_NONNULL = YES;
				CLANG_ANALYZER_NUMBER_OBJECT_CONVERSION = YES_AGGRESSIVE;
				CLANG_CXX_LANGUAGE_STANDARD = "gnu++17";
				CLANG_ENABLE_MODULES = YES;
				CLANG_ENABLE_OBJC_ARC = YES;
				CLANG_ENABLE_OBJC_WEAK = YES;
				CLANG_WARN_BLOCK_CAPTURE_AUTORELEASING = YES;
				CLANG_WARN_BOOL_CONVERSION = YES;
				CLANG_WARN_COMMA = YES;
				CLANG_WARN_CONSTANT_CONVERSION = YES;
				CLANG_WARN_DEPRECATED_OBJC_IMPLEMENTATIONS = YES;
				CLANG_WARN_DIRECT_OBJC_ISA_USAGE = YES_ERROR;
				CLANG_WARN_DOCUMENTATION_COMMENTS = YES;
				CLANG_WARN_EMPTY_BODY = YES;
				CLANG_WARN_ENUM_CONVERSION = YES;
				CLANG_WARN_INFINITE_RECURSION = YES;
				CLANG_WARN_INT_CONVERSION = YES;
				CLANG_WARN_NON_LITERAL_NULL_CONVERSION = YES;
				CLANG_WARN_OBJC_IMPLICIT_RETAIN_SELF = YES;
				CLANG_WARN_OBJC_LITERAL_CONVERSION = YES;
				CLANG_WARN_OBJC_ROOT_CLASS = YES_ERROR;
				CLANG_WARN_QUOTED_INCLUDE_IN_FRAMEWORK_HEADER = YES;
				CLANG_WARN_RANGE_LOOP_ANALYSIS = YES;
				CLANG_WARN_STRICT_PROTOTYPES = YES;
				CLANG_WARN_SUSPICIOUS_MOVE = YES;
				CLANG_WARN_UNGUARDED_AVAILABILITY = YES_AGGRESSIVE;
				CLANG_WARN_UNREACHABLE_CODE = YES;
				CLANG_WARN__DUPLICATE_METHOD_MATCH = YES;
				COPY_PHASE_STRIP = NO;
				DEBUG_INFORMATION_FORMAT = dwarf;
				ENABLE_STRICT_OBJC_MSGSEND = YES;
				ENABLE_TESTABILITY = YES;
				GCC_C_LANGUAGE_STANDARD = gnu11;
				GCC_DYNAMIC_NO_PIC = NO;
				GCC_NO_COMMON_BLOCKS = YES;
				GCC_OPTIMIZATION_LEVEL = 0;
				GCC_PREPROCESSOR_DEFINITIONS = (
					"DEBUG=1",
					"$(inherited)",
				);
				GCC_WARN_64_TO_32_BIT_CONVERSION = YES;
				GCC_WARN_ABOUT_RETURN_TYPE = YES_ERROR;
				GCC_WARN_UNDECLARED_SELECTOR = YES;
				GCC_WARN_UNINITIALIZED_AUTOS = YES_AGGRESSIVE;
				GCC_WARN_UNUSED_FUNCTION = YES;
				GCC_WARN_UNUSED_VARIABLE = YES;
				IPHONEOS_DEPLOYMENT_TARGET = 15.4;
				MTL_ENABLE_DEBUG_INFO = INCLUDE_SOURCE;
				MTL_FAST_MATH = YES;
				ONLY_ACTIVE_ARCH = YES;
				SDKROOT = iphoneos;
				SWIFT_ACTIVE_COMPILATION_CONDITIONS = DEBUG;
				SWIFT_OPTIMIZATION_LEVEL = "-Onone";
			};
			name = Debug;
		};
		94D5859428CA0B7100F01AE2 /* Release */ = {
			isa = XCBuildConfiguration;
			buildSettings = {
				ALWAYS_SEARCH_USER_PATHS = NO;
				CLANG_ANALYZER_NONNULL = YES;
				CLANG_ANALYZER_NUMBER_OBJECT_CONVERSION = YES_AGGRESSIVE;
				CLANG_CXX_LANGUAGE_STANDARD = "gnu++17";
				CLANG_ENABLE_MODULES = YES;
				CLANG_ENABLE_OBJC_ARC = YES;
				CLANG_ENABLE_OBJC_WEAK = YES;
				CLANG_WARN_BLOCK_CAPTURE_AUTORELEASING = YES;
				CLANG_WARN_BOOL_CONVERSION = YES;
				CLANG_WARN_COMMA = YES;
				CLANG_WARN_CONSTANT_CONVERSION = YES;
				CLANG_WARN_DEPRECATED_OBJC_IMPLEMENTATIONS = YES;
				CLANG_WARN_DIRECT_OBJC_ISA_USAGE = YES_ERROR;
				CLANG_WARN_DOCUMENTATION_COMMENTS = YES;
				CLANG_WARN_EMPTY_BODY = YES;
				CLANG_WARN_ENUM_CONVERSION = YES;
				CLANG_WARN_INFINITE_RECURSION = YES;
				CLANG_WARN_INT_CONVERSION = YES;
				CLANG_WARN_NON_LITERAL_NULL_CONVERSION = YES;
				CLANG_WARN_OBJC_IMPLICIT_RETAIN_SELF = YES;
				CLANG_WARN_OBJC_LITERAL_CONVERSION = YES;
				CLANG_WARN_OBJC_ROOT_CLASS = YES_ERROR;
				CLANG_WARN_QUOTED_INCLUDE_IN_FRAMEWORK_HEADER = YES;
				CLANG_WARN_RANGE_LOOP_ANALYSIS = YES;
				CLANG_WARN_STRICT_PROTOTYPES = YES;
				CLANG_WARN_SUSPICIOUS_MOVE = YES;
				CLANG_WARN_UNGUARDED_AVAILABILITY = YES_AGGRESSIVE;
				CLANG_WARN_UNREACHABLE_CODE = YES;
				CLANG_WARN__DUPLICATE_METHOD_MATCH = YES;
				COPY_PHASE_STRIP = NO;
				DEBUG_INFORMATION_FORMAT = "dwarf-with-dsym";
				ENABLE_NS_ASSERTIONS = NO;
				ENABLE_STRICT_OBJC_MSGSEND = YES;
				GCC_C_LANGUAGE_STANDARD = gnu11;
				GCC_NO_COMMON_BLOCKS = YES;
				GCC_WARN_64_TO_32_BIT_CONVERSION = YES;
				GCC_WARN_ABOUT_RETURN_TYPE = YES_ERROR;
				GCC_WARN_UNDECLARED_SELECTOR = YES;
				GCC_WARN_UNINITIALIZED_AUTOS = YES_AGGRESSIVE;
				GCC_WARN_UNUSED_FUNCTION = YES;
				GCC_WARN_UNUSED_VARIABLE = YES;
				IPHONEOS_DEPLOYMENT_TARGET = 15.4;
				MTL_ENABLE_DEBUG_INFO = NO;
				MTL_FAST_MATH = YES;
				SDKROOT = iphoneos;
				SWIFT_COMPILATION_MODE = wholemodule;
				SWIFT_OPTIMIZATION_LEVEL = "-O";
				VALIDATE_PRODUCT = YES;
			};
			name = Release;
		};
		94D5859628CA0B7100F01AE2 /* Debug */ = {
			isa = XCBuildConfiguration;
			buildSettings = {
				ASSETCATALOG_COMPILER_APPICON_NAME = AppIcon;
				ASSETCATALOG_COMPILER_GLOBAL_ACCENT_COLOR_NAME = AccentColor;
				CODE_SIGN_IDENTITY = "Apple Development";
				CODE_SIGN_STYLE = Automatic;
				CURRENT_PROJECT_VERSION = 8;
				DEVELOPMENT_TEAM = PGU2Q9LCKF;
				EXCLUDED_ARCHS = "";
				GENERATE_INFOPLIST_FILE = YES;
				INFOPLIST_FILE = /$PROJECT_DIR/$TARGET_NAME/Application/Info.plist;
				INFOPLIST_KEY_LSApplicationCategoryType = "public.app-category.food-and-drink";
				INFOPLIST_KEY_NSBluetoothAlwaysUsageDescription = "Our app uses bluetooth to find, connect and transfer data between different devices";
				INFOPLIST_KEY_UIApplicationSupportsIndirectInputEvents = YES;
				INFOPLIST_KEY_UILaunchStoryboardName = LaunchScreen;
				INFOPLIST_KEY_UIMainStoryboardFile = Main;
				INFOPLIST_KEY_UISupportedInterfaceOrientations_iPad = "UIInterfaceOrientationPortrait UIInterfaceOrientationPortraitUpsideDown UIInterfaceOrientationLandscapeLeft UIInterfaceOrientationLandscapeRight";
				INFOPLIST_KEY_UISupportedInterfaceOrientations_iPhone = "UIInterfaceOrientationPortrait UIInterfaceOrientationLandscapeLeft UIInterfaceOrientationLandscapeRight";
				IPHONEOS_DEPLOYMENT_TARGET = 15.5;
				LD_RUNPATH_SEARCH_PATHS = (
					"$(inherited)",
					"@executable_path/Frameworks",
				);
				MARKETING_VERSION = 1.0;
				PRODUCT_BUNDLE_IDENTIFIER = com.AdyenReaderTest;
				PRODUCT_NAME = "$(TARGET_NAME)";
				PROVISIONING_PROFILE_SPECIFIER = "";
				SWIFT_EMIT_LOC_STRINGS = YES;
				SWIFT_VERSION = 5.0;
				TARGETED_DEVICE_FAMILY = "1,2";
			};
			name = Debug;
		};
		94D5859728CA0B7100F01AE2 /* Release */ = {
			isa = XCBuildConfiguration;
			buildSettings = {
				ASSETCATALOG_COMPILER_APPICON_NAME = AppIcon;
				ASSETCATALOG_COMPILER_GLOBAL_ACCENT_COLOR_NAME = AccentColor;
				CODE_SIGN_IDENTITY = "Apple Development";
				CODE_SIGN_STYLE = Automatic;
				CURRENT_PROJECT_VERSION = 8;
				DEVELOPMENT_TEAM = PGU2Q9LCKF;
				EXCLUDED_ARCHS = "";
				GENERATE_INFOPLIST_FILE = YES;
				INFOPLIST_FILE = /$PROJECT_DIR/$TARGET_NAME/Application/Info.plist;
				INFOPLIST_KEY_LSApplicationCategoryType = "public.app-category.food-and-drink";
				INFOPLIST_KEY_NSBluetoothAlwaysUsageDescription = "Our app uses bluetooth to find, connect and transfer data between different devices";
				INFOPLIST_KEY_UIApplicationSupportsIndirectInputEvents = YES;
				INFOPLIST_KEY_UILaunchStoryboardName = LaunchScreen;
				INFOPLIST_KEY_UIMainStoryboardFile = Main;
				INFOPLIST_KEY_UISupportedInterfaceOrientations_iPad = "UIInterfaceOrientationPortrait UIInterfaceOrientationPortraitUpsideDown UIInterfaceOrientationLandscapeLeft UIInterfaceOrientationLandscapeRight";
				INFOPLIST_KEY_UISupportedInterfaceOrientations_iPhone = "UIInterfaceOrientationPortrait UIInterfaceOrientationLandscapeLeft UIInterfaceOrientationLandscapeRight";
				IPHONEOS_DEPLOYMENT_TARGET = 15.5;
				LD_RUNPATH_SEARCH_PATHS = (
					"$(inherited)",
					"@executable_path/Frameworks",
				);
				MARKETING_VERSION = 1.0;
				PRODUCT_BUNDLE_IDENTIFIER = com.AdyenReaderTest;
				PRODUCT_NAME = "$(TARGET_NAME)";
				PROVISIONING_PROFILE_SPECIFIER = "";
				SWIFT_EMIT_LOC_STRINGS = YES;
				SWIFT_VERSION = 5.0;
				TARGETED_DEVICE_FAMILY = "1,2";
			};
			name = Release;
		};
/* End XCBuildConfiguration section */

/* Begin XCConfigurationList section */
		94D5857C28CA0B6D00F01AE2 /* Build configuration list for PBXProject "AdyenReaderTest" */ = {
			isa = XCConfigurationList;
			buildConfigurations = (
				94D5859328CA0B7100F01AE2 /* Debug */,
				94D5859428CA0B7100F01AE2 /* Release */,
			);
			defaultConfigurationIsVisible = 0;
			defaultConfigurationName = Release;
		};
		94D5859528CA0B7100F01AE2 /* Build configuration list for PBXNativeTarget "AdyenReaderTest" */ = {
			isa = XCConfigurationList;
			buildConfigurations = (
				94D5859628CA0B7100F01AE2 /* Debug */,
				94D5859728CA0B7100F01AE2 /* Release */,
			);
			defaultConfigurationIsVisible = 0;
			defaultConfigurationName = Release;
		};
/* End XCConfigurationList section */

/* Begin XCRemoteSwiftPackageReference section */
		94814FE728CF408E005A1E94 /* XCRemoteSwiftPackageReference "adyen-terminal-api-ios" */ = {
			isa = XCRemoteSwiftPackageReference;
			repositoryURL = "https://github.com/Adyen/adyen-terminal-api-ios";
			requirement = {
				kind = upToNextMajorVersion;
				minimumVersion = 1.0.0;
			};
		};
		94814FF028CF8148005A1E94 /* XCRemoteSwiftPackageReference "adyen-ios" */ = {
			isa = XCRemoteSwiftPackageReference;
			repositoryURL = "https://github.com/Adyen/adyen-ios";
			requirement = {
				kind = upToNextMajorVersion;
				minimumVersion = 4.0.0;
			};
		};
		94D6B6EE29BA3C1E005F5474 /* XCRemoteSwiftPackageReference "AdyenPOS_1.0" */ = {
			isa = XCRemoteSwiftPackageReference;
			repositoryURL = "file:///Users/maxim/Documents/AdyenReaderTest/AdyenPOS_1.0.4";
			requirement = {
				branch = main;
				kind = branch;
			};
		};
		94D6B6F329BA3C74005F5474 /* XCRemoteSwiftPackageReference "SnapKit" */ = {
			isa = XCRemoteSwiftPackageReference;
			repositoryURL = "https://github.com/SnapKit/SnapKit";
			requirement = {
				kind = upToNextMajorVersion;
				minimumVersion = 5.0.0;
			};
		};
/* End XCRemoteSwiftPackageReference section */

/* Begin XCSwiftPackageProductDependency section */
		94814FE828CF408E005A1E94 /* TerminalAPIKit */ = {
			isa = XCSwiftPackageProductDependency;
			package = 94814FE728CF408E005A1E94 /* XCRemoteSwiftPackageReference "adyen-terminal-api-ios" */;
			productName = TerminalAPIKit;
		};
		94814FF128CF8148005A1E94 /* Adyen */ = {
			isa = XCSwiftPackageProductDependency;
			package = 94814FF028CF8148005A1E94 /* XCRemoteSwiftPackageReference "adyen-ios" */;
			productName = Adyen;
		};
		94814FF328CF8148005A1E94 /* AdyenActions */ = {
			isa = XCSwiftPackageProductDependency;
			package = 94814FF028CF8148005A1E94 /* XCRemoteSwiftPackageReference "adyen-ios" */;
			productName = AdyenActions;
		};
		94814FF528CF8148005A1E94 /* AdyenCard */ = {
			isa = XCSwiftPackageProductDependency;
			package = 94814FF028CF8148005A1E94 /* XCRemoteSwiftPackageReference "adyen-ios" */;
			productName = AdyenCard;
		};
		94814FF728CF8148005A1E94 /* AdyenComponents */ = {
			isa = XCSwiftPackageProductDependency;
			package = 94814FF028CF8148005A1E94 /* XCRemoteSwiftPackageReference "adyen-ios" */;
			productName = AdyenComponents;
		};
		94814FF928CF8148005A1E94 /* AdyenDropIn */ = {
			isa = XCSwiftPackageProductDependency;
			package = 94814FF028CF8148005A1E94 /* XCRemoteSwiftPackageReference "adyen-ios" */;
			productName = AdyenDropIn;
		};
		94814FFB28CF8148005A1E94 /* AdyenEncryption */ = {
			isa = XCSwiftPackageProductDependency;
			package = 94814FF028CF8148005A1E94 /* XCRemoteSwiftPackageReference "adyen-ios" */;
			productName = AdyenEncryption;
		};
		94D6B6EF29BA3C1E005F5474 /* ADYPOS */ = {
			isa = XCSwiftPackageProductDependency;
			package = 94D6B6EE29BA3C1E005F5474 /* XCRemoteSwiftPackageReference "AdyenPOS_1.0" */;
			productName = ADYPOS;
		};
		94D6B6F129BA3C1E005F5474 /* AdyenPOS */ = {
			isa = XCSwiftPackageProductDependency;
			package = 94D6B6EE29BA3C1E005F5474 /* XCRemoteSwiftPackageReference "AdyenPOS_1.0" */;
			productName = AdyenPOS;
		};
		94D6B6F429BA3C74005F5474 /* SnapKit */ = {
			isa = XCSwiftPackageProductDependency;
			package = 94D6B6F329BA3C74005F5474 /* XCRemoteSwiftPackageReference "SnapKit" */;
			productName = SnapKit;
		};
/* End XCSwiftPackageProductDependency section */
	};
	rootObject = 94D5857928CA0B6D00F01AE2 /* Project object */;
}
